
Microsoft Visual Studio Solution File, Format Version 12.00
# Visual Studio 2013
VisualStudioVersion = 12.0.31101.0
MinimumVisualStudioVersion = 10.0.40219.1
Project("{8BC9CEB8-8B4A-11D0-8D11-00A0C91BC942}") = "Clair", "Clair\Clair\Clair.vcxproj", "{02F6B314-A5AA-487C-84A6-7F2063B93446}"
EndProject
Project("{8BC9CEB8-8B4A-11D0-8D11-00A0C91BC942}") = "BasicSample", "samples\BasicSample\BasicSample.vcxproj", "{D85A11CE-C0A9-4CF4-8C32-FF94ABE5D7DE}"
	ProjectSection(ProjectDependencies) = postProject
		{02F6B314-A5AA-487C-84A6-7F2063B93446} = {02F6B314-A5AA-487C-84A6-7F2063B93446}
		{582B9B5B-3ABD-46ED-8824-210A364B0C3C} = {582B9B5B-3ABD-46ED-8824-210A364B0C3C}
		{5E16B1C1-2AB8-453A-9A56-A72E1C39EFA0} = {5E16B1C1-2AB8-453A-9A56-A72E1C39EFA0}
		{3B6C93C9-0FCE-4838-B498-54408CCF3E93} = {3B6C93C9-0FCE-4838-B498-54408CCF3E93}
		{C14D8FD8-BC3F-4DA7-A565-3A85E48B8CDD} = {C14D8FD8-BC3F-4DA7-A565-3A85E48B8CDD}
	EndProjectSection
EndProject
Project("{8BC9CEB8-8B4A-11D0-8D11-00A0C91BC942}") = "AssetBuildTool", "samples\common\AssetBuildTool\AssetBuildTool.vcxproj", "{5E16B1C1-2AB8-453A-9A56-A72E1C39EFA0}"
	ProjectSection(ProjectDependencies) = postProject
		{02F6B314-A5AA-487C-84A6-7F2063B93446} = {02F6B314-A5AA-487C-84A6-7F2063B93446}
		{582B9B5B-3ABD-46ED-8824-210A364B0C3C} = {582B9B5B-3ABD-46ED-8824-210A364B0C3C}
		{C14D8FD8-BC3F-4DA7-A565-3A85E48B8CDD} = {C14D8FD8-BC3F-4DA7-A565-3A85E48B8CDD}
	EndProjectSection
EndProject
Project("{2150E333-8FDC-42A3-9474-1A3956D46DE8}") = "Samples", "Samples", "{97A7FF74-3982-4CE2-92BE-BCD362626D01}"
EndProject
Project("{2150E333-8FDC-42A3-9474-1A3956D46DE8}") = "Engine", "Engine", "{AFE0A498-FF32-4658-B076-AF39D379376E}"
EndProject
Project("{2150E333-8FDC-42A3-9474-1A3956D46DE8}") = "Common", "Common", "{1C2261FA-9CCB-4706-BBB1-DD7B46097B19}"
EndProject
Project("{8BC9CEB8-8B4A-11D0-8D11-00A0C91BC942}") = "MaterialTool", "Clair\tools\MaterialTool\MaterialTool.vcxproj", "{582B9B5B-3ABD-46ED-8824-210A364B0C3C}"
	ProjectSection(ProjectDependencies) = postProject
		{02F6B314-A5AA-487C-84A6-7F2063B93446} = {02F6B314-A5AA-487C-84A6-7F2063B93446}
	EndProjectSection
EndProject
Project("{8BC9CEB8-8B4A-11D0-8D11-00A0C91BC942}") = "MeshTool", "Clair\tools\MeshTool\MeshTool.vcxproj", "{C14D8FD8-BC3F-4DA7-A565-3A85E48B8CDD}"
	ProjectSection(ProjectDependencies) = postProject
		{02F6B314-A5AA-487C-84A6-7F2063B93446} = {02F6B314-A5AA-487C-84A6-7F2063B93446}
	EndProjectSection
EndProject
Project("{8BC9CEB8-8B4A-11D0-8D11-00A0C91BC942}") = "SampleFramework", "samples\common\SampleFramework\SampleFramework.vcxproj", "{3B6C93C9-0FCE-4838-B498-54408CCF3E93}"
EndProject
Project("{8BC9CEB8-8B4A-11D0-8D11-00A0C91BC942}") = "MaterialSample", "samples\MaterialSample\MaterialSample.vcxproj", "{BF0EAB0A-DF2C-439F-BDD5-40A51F97FA96}"
	ProjectSection(ProjectDependencies) = postProject
		{02F6B314-A5AA-487C-84A6-7F2063B93446} = {02F6B314-A5AA-487C-84A6-7F2063B93446}
		{582B9B5B-3ABD-46ED-8824-210A364B0C3C} = {582B9B5B-3ABD-46ED-8824-210A364B0C3C}
		{5E16B1C1-2AB8-453A-9A56-A72E1C39EFA0} = {5E16B1C1-2AB8-453A-9A56-A72E1C39EFA0}
		{3B6C93C9-0FCE-4838-B498-54408CCF3E93} = {3B6C93C9-0FCE-4838-B498-54408CCF3E93}
		{C14D8FD8-BC3F-4DA7-A565-3A85E48B8CDD} = {C14D8FD8-BC3F-4DA7-A565-3A85E48B8CDD}
	EndProjectSection
EndProject
Global
	GlobalSection(SolutionConfigurationPlatforms) = preSolution
		Debug|Win32 = Debug|Win32
		Release|Win32 = Release|Win32
	EndGlobalSection
	GlobalSection(ProjectConfigurationPlatforms) = postSolution
		{02F6B314-A5AA-487C-84A6-7F2063B93446}.Debug|Win32.ActiveCfg = Debug|Win32
		{02F6B314-A5AA-487C-84A6-7F2063B93446}.Debug|Win32.Build.0 = Debug|Win32
		{02F6B314-A5AA-487C-84A6-7F2063B93446}.Release|Win32.ActiveCfg = Release|Win32
		{02F6B314-A5AA-487C-84A6-7F2063B93446}.Release|Win32.Build.0 = Release|Win32
		{D85A11CE-C0A9-4CF4-8C32-FF94ABE5D7DE}.Debug|Win32.ActiveCfg = Debug|Win32
		{D85A11CE-C0A9-4CF4-8C32-FF94ABE5D7DE}.Debug|Win32.Build.0 = Debug|Win32
		{D85A11CE-C0A9-4CF4-8C32-FF94ABE5D7DE}.Release|Win32.ActiveCfg = Release|Win32
		{D85A11CE-C0A9-4CF4-8C32-FF94ABE5D7DE}.Release|Win32.Build.0 = Release|Win32
		{5E16B1C1-2AB8-453A-9A56-A72E1C39EFA0}.Debug|Win32.ActiveCfg = Debug|Win32
		{5E16B1C1-2AB8-453A-9A56-A72E1C39EFA0}.Debug|Win32.Build.0 = Debug|Win32
		{5E16B1C1-2AB8-453A-9A56-A72E1C39EFA0}.Release|Win32.ActiveCfg = Release|Win32
		{5E16B1C1-2AB8-453A-9A56-A72E1C39EFA0}.Release|Win32.Build.0 = Release|Win32
		{582B9B5B-3ABD-46ED-8824-210A364B0C3C}.Debug|Win32.ActiveCfg = Debug|Win32
		{582B9B5B-3ABD-46ED-8824-210A364B0C3C}.Debug|Win32.Build.0 = Debug|Win32
		{582B9B5B-3ABD-46ED-8824-210A364B0C3C}.Release|Win32.ActiveCfg = Release|Win32
		{582B9B5B-3ABD-46ED-8824-210A364B0C3C}.Release|Win32.Build.0 = Release|Win32
		{C14D8FD8-BC3F-4DA7-A565-3A85E48B8CDD}.Debug|Win32.ActiveCfg = Debug|Win32
		{C14D8FD8-BC3F-4DA7-A565-3A85E48B8CDD}.Debug|Win32.Build.0 = Debug|Win32
		{C14D8FD8-BC3F-4DA7-A565-3A85E48B8CDD}.Release|Win32.ActiveCfg = Release|Win32
		{C14D8FD8-BC3F-4DA7-A565-3A85E48B8CDD}.Release|Win32.Build.0 = Release|Win32
		{3B6C93C9-0FCE-4838-B498-54408CCF3E93}.Debug|Win32.ActiveCfg = Debug|Win32
		{3B6C93C9-0FCE-4838-B498-54408CCF3E93}.Debug|Win32.Build.0 = Debug|Win32
		{3B6C93C9-0FCE-4838-B498-54408CCF3E93}.Release|Win32.ActiveCfg = Release|Win32
		{3B6C93C9-0FCE-4838-B498-54408CCF3E93}.Release|Win32.Build.0 = Release|Win32
		{BF0EAB0A-DF2C-439F-BDD5-40A51F97FA96}.Debug|Win32.ActiveCfg = Debug|Win32
		{BF0EAB0A-DF2C-439F-BDD5-40A51F97FA96}.Debug|Win32.Build.0 = Debug|Win32
		{BF0EAB0A-DF2C-439F-BDD5-40A51F97FA96}.Release|Win32.ActiveCfg = Release|Win32
		{BF0EAB0A-DF2C-439F-BDD5-40A51F97FA96}.Release|Win32.Build.0 = Release|Win32
	EndGlobalSection
	GlobalSection(SolutionProperties) = preSolution
		HideSolutionNode = FALSE
	EndGlobalSection
	GlobalSection(NestedProjects) = preSolution
		{02F6B314-A5AA-487C-84A6-7F2063B93446} = {AFE0A498-FF32-4658-B076-AF39D379376E}
		{D85A11CE-C0A9-4CF4-8C32-FF94ABE5D7DE} = {97A7FF74-3982-4CE2-92BE-BCD362626D01}
		{5E16B1C1-2AB8-453A-9A56-A72E1C39EFA0} = {1C2261FA-9CCB-4706-BBB1-DD7B46097B19}
		{1C2261FA-9CCB-4706-BBB1-DD7B46097B19} = {97A7FF74-3982-4CE2-92BE-BCD362626D01}
		{582B9B5B-3ABD-46ED-8824-210A364B0C3C} = {AFE0A498-FF32-4658-B076-AF39D379376E}
		{C14D8FD8-BC3F-4DA7-A565-3A85E48B8CDD} = {AFE0A498-FF32-4658-B076-AF39D379376E}
		{3B6C93C9-0FCE-4838-B498-54408CCF3E93} = {1C2261FA-9CCB-4706-BBB1-DD7B46097B19}
		{BF0EAB0A-DF2C-439F-BDD5-40A51F97FA96} = {97A7FF74-3982-4CE2-92BE-BCD362626D01}
	EndGlobalSection
EndGlobal
