
Microsoft Visual Studio Solution File, Format Version 12.00
# Visual Studio 2013
VisualStudioVersion = 12.0.31101.0
MinimumVisualStudioVersion = 10.0.40219.1
Project("{8BC9CEB8-8B4A-11D0-8D11-00A0C91BC942}") = "Clair", "Clair\Clair\Clair.vcxproj", "{02F6B314-A5AA-487C-84A6-7F2063B93446}"
EndProject
Project("{8BC9CEB8-8B4A-11D0-8D11-00A0C91BC942}") = "MaterialTool", "Clair\MaterialTool\MaterialTool.vcxproj", "{582B9B5B-3ABD-46ED-8824-210A364B0C3C}"
EndProject
Project("{8BC9CEB8-8B4A-11D0-8D11-00A0C91BC942}") = "MeshTool", "Clair\MeshTool\MeshTool.vcxproj", "{C14D8FD8-BC3F-4DA7-A565-3A85E48B8CDD}"
EndProject
Project("{8BC9CEB8-8B4A-11D0-8D11-00A0C91BC942}") = "BasicSample", "samples\BasicSample\BasicSample.vcxproj", "{D85A11CE-C0A9-4CF4-8C32-FF94ABE5D7DE}"
	ProjectSection(ProjectDependencies) = postProject
		{8C0015E0-1B25-4D6D-84A0-82355815B4A5} = {8C0015E0-1B25-4D6D-84A0-82355815B4A5}
	EndProjectSection
EndProject
Project("{8BC9CEB8-8B4A-11D0-8D11-00A0C91BC942}") = "PreBuildTool", "samples\common\PreBuildTool\PreBuildTool.vcxproj", "{5E16B1C1-2AB8-453A-9A56-A72E1C39EFA0}"
	ProjectSection(ProjectDependencies) = postProject
		{02F6B314-A5AA-487C-84A6-7F2063B93446} = {02F6B314-A5AA-487C-84A6-7F2063B93446}
		{582B9B5B-3ABD-46ED-8824-210A364B0C3C} = {582B9B5B-3ABD-46ED-8824-210A364B0C3C}
		{C14D8FD8-BC3F-4DA7-A565-3A85E48B8CDD} = {C14D8FD8-BC3F-4DA7-A565-3A85E48B8CDD}
	EndProjectSection
EndProject
Project("{8BC9CEB8-8B4A-11D0-8D11-00A0C91BC942}") = "SampleCommon", "samples\common\SampleCommon\SampleCommon.vcxproj", "{8C0015E0-1B25-4D6D-84A0-82355815B4A5}"
	ProjectSection(ProjectDependencies) = postProject
		{02F6B314-A5AA-487C-84A6-7F2063B93446} = {02F6B314-A5AA-487C-84A6-7F2063B93446}
		{582B9B5B-3ABD-46ED-8824-210A364B0C3C} = {582B9B5B-3ABD-46ED-8824-210A364B0C3C}
		{5E16B1C1-2AB8-453A-9A56-A72E1C39EFA0} = {5E16B1C1-2AB8-453A-9A56-A72E1C39EFA0}
		{C14D8FD8-BC3F-4DA7-A565-3A85E48B8CDD} = {C14D8FD8-BC3F-4DA7-A565-3A85E48B8CDD}
	EndProjectSection
EndProject
Global
	GlobalSection(SolutionConfigurationPlatforms) = preSolution
		Debug|Win32 = Debug|Win32
		Release|Win32 = Release|Win32
	EndGlobalSection
	GlobalSection(ProjectConfigurationPlatforms) = postSolution
		{02F6B314-A5AA-487C-84A6-7F2063B93446}.Debug|Win32.ActiveCfg = Debug|Win32
		{02F6B314-A5AA-487C-84A6-7F2063B93446}.Debug|Win32.Build.0 = Debug|Win32
		{02F6B314-A5AA-487C-84A6-7F2063B93446}.Release|Win32.ActiveCfg = Release|Win32
		{02F6B314-A5AA-487C-84A6-7F2063B93446}.Release|Win32.Build.0 = Release|Win32
		{582B9B5B-3ABD-46ED-8824-210A364B0C3C}.Debug|Win32.ActiveCfg = Debug|Win32
		{582B9B5B-3ABD-46ED-8824-210A364B0C3C}.Debug|Win32.Build.0 = Debug|Win32
		{582B9B5B-3ABD-46ED-8824-210A364B0C3C}.Release|Win32.ActiveCfg = Release|Win32
		{582B9B5B-3ABD-46ED-8824-210A364B0C3C}.Release|Win32.Build.0 = Release|Win32
		{C14D8FD8-BC3F-4DA7-A565-3A85E48B8CDD}.Debug|Win32.ActiveCfg = Debug|Win32
		{C14D8FD8-BC3F-4DA7-A565-3A85E48B8CDD}.Debug|Win32.Build.0 = Debug|Win32
		{C14D8FD8-BC3F-4DA7-A565-3A85E48B8CDD}.Release|Win32.ActiveCfg = Release|Win32
		{C14D8FD8-BC3F-4DA7-A565-3A85E48B8CDD}.Release|Win32.Build.0 = Release|Win32
		{D85A11CE-C0A9-4CF4-8C32-FF94ABE5D7DE}.Debug|Win32.ActiveCfg = Debug|Win32
		{D85A11CE-C0A9-4CF4-8C32-FF94ABE5D7DE}.Debug|Win32.Build.0 = Debug|Win32
		{D85A11CE-C0A9-4CF4-8C32-FF94ABE5D7DE}.Release|Win32.ActiveCfg = Release|Win32
		{D85A11CE-C0A9-4CF4-8C32-FF94ABE5D7DE}.Release|Win32.Build.0 = Release|Win32
		{5E16B1C1-2AB8-453A-9A56-A72E1C39EFA0}.Debug|Win32.ActiveCfg = Debug|Win32
		{5E16B1C1-2AB8-453A-9A56-A72E1C39EFA0}.Debug|Win32.Build.0 = Debug|Win32
		{5E16B1C1-2AB8-453A-9A56-A72E1C39EFA0}.Release|Win32.ActiveCfg = Release|Win32
		{5E16B1C1-2AB8-453A-9A56-A72E1C39EFA0}.Release|Win32.Build.0 = Release|Win32
		{8C0015E0-1B25-4D6D-84A0-82355815B4A5}.Debug|Win32.ActiveCfg = Debug|Win32
		{8C0015E0-1B25-4D6D-84A0-82355815B4A5}.Debug|Win32.Build.0 = Debug|Win32
		{8C0015E0-1B25-4D6D-84A0-82355815B4A5}.Release|Win32.ActiveCfg = Release|Win32
		{8C0015E0-1B25-4D6D-84A0-82355815B4A5}.Release|Win32.Build.0 = Release|Win32
	EndGlobalSection
	GlobalSection(SolutionProperties) = preSolution
		HideSolutionNode = FALSE
	EndGlobalSection
EndGlobal
